
Microsoft Visual Studio Solution File, Format Version 12.00
# Visual Studio 15
VisualStudioVersion = 15.0.27520.0
MinimumVisualStudioVersion = 10.0.40219.1
Project("{FAE04EC0-301F-11D3-BF4B-00C04F79EFBC}") = "NovidadesCSharp7e8", "NovidadesCSharp7e8\NovidadesCSharp7e8.csproj", "{B032C9B4-32F3-4EF6-92DA-B89BAE1F2E2E}"
EndProject
Global
	GlobalSection(SolutionConfigurationPlatforms) = preSolution
		Debug|Any CPU = Debug|Any CPU
		Release|Any CPU = Release|Any CPU
	EndGlobalSection
	GlobalSection(ProjectConfigurationPlatforms) = postSolution
		{B032C9B4-32F3-4EF6-92DA-B89BAE1F2E2E}.Debug|Any CPU.ActiveCfg = Debug|Any CPU
		{B032C9B4-32F3-4EF6-92DA-B89BAE1F2E2E}.Debug|Any CPU.Build.0 = Debug|Any CPU
		{B032C9B4-32F3-4EF6-92DA-B89BAE1F2E2E}.Release|Any CPU.ActiveCfg = Release|Any CPU
		{B032C9B4-32F3-4EF6-92DA-B89BAE1F2E2E}.Release|Any CPU.Build.0 = Release|Any CPU
	EndGlobalSection
	GlobalSection(SolutionProperties) = preSolution
		HideSolutionNode = FALSE
	EndGlobalSection
	GlobalSection(ExtensibilityGlobals) = postSolution
		SolutionGuid = {CBBB7C4F-54E5-4381-AE71-E9578F297BCE}
	EndGlobalSection
EndGlobal
